
Microsoft Visual Studio Solution File, Format Version 12.00
# Visual Studio Version 17
VisualStudioVersion = 17.5.33627.172
MinimumVisualStudioVersion = 10.0.40219.1
Project("{FAE04EC0-301F-11D3-BF4B-00C04F79EFBC}") = "projetoClientes", "projetoClientes\projetoClientes.csproj", "{C40F373D-1917-4904-B5A8-DF2A21F1BC12}"
EndProject
Global
	GlobalSection(SolutionConfigurationPlatforms) = preSolution
		Debug|Any CPU = Debug|Any CPU
		Release|Any CPU = Release|Any CPU
	EndGlobalSection
	GlobalSection(ProjectConfigurationPlatforms) = postSolution
		{C40F373D-1917-4904-B5A8-DF2A21F1BC12}.Debug|Any CPU.ActiveCfg = Debug|Any CPU
		{C40F373D-1917-4904-B5A8-DF2A21F1BC12}.Debug|Any CPU.Build.0 = Debug|Any CPU
		{C40F373D-1917-4904-B5A8-DF2A21F1BC12}.Release|Any CPU.ActiveCfg = Release|Any CPU
		{C40F373D-1917-4904-B5A8-DF2A21F1BC12}.Release|Any CPU.Build.0 = Release|Any CPU
	EndGlobalSection
	GlobalSection(SolutionProperties) = preSolution
		HideSolutionNode = FALSE
	EndGlobalSection
	GlobalSection(ExtensibilityGlobals) = postSolution
		SolutionGuid = {6D6CF1AF-77DF-480D-982A-04C56B65B015}
	EndGlobalSection
EndGlobal
